
Microsoft Visual Studio Solution File, Format Version 12.00
# Visual Studio Version 17
VisualStudioVersion = 17.11.35327.3
MinimumVisualStudioVersion = 10.0.40219.1
Project("{FAE04EC0-301F-11D3-BF4B-00C04F79EFBC}") = "Hero-API", "Hero-API.csproj", "{CF95292C-5874-43A3-B7F1-31858A075CFB}"
EndProject
Global
	GlobalSection(SolutionConfigurationPlatforms) = preSolution
		Debug|Any CPU = Debug|Any CPU
		Release|Any CPU = Release|Any CPU
	EndGlobalSection
	GlobalSection(ProjectConfigurationPlatforms) = postSolution
		{CF95292C-5874-43A3-B7F1-31858A075CFB}.Debug|Any CPU.ActiveCfg = Debug|Any CPU
		{CF95292C-5874-43A3-B7F1-31858A075CFB}.Debug|Any CPU.Build.0 = Debug|Any CPU
		{CF95292C-5874-43A3-B7F1-31858A075CFB}.Release|Any CPU.ActiveCfg = Release|Any CPU
		{CF95292C-5874-43A3-B7F1-31858A075CFB}.Release|Any CPU.Build.0 = Release|Any CPU
	EndGlobalSection
	GlobalSection(SolutionProperties) = preSolution
		HideSolutionNode = FALSE
	EndGlobalSection
	GlobalSection(ExtensibilityGlobals) = postSolution
		SolutionGuid = {F1C2E325-369A-47A3-9C48-00077F1D5D1C}
	EndGlobalSection
EndGlobal
